
Microsoft Visual Studio Solution File, Format Version 12.00
# Visual Studio Version 16
VisualStudioVersion = 16.0.31613.86
MinimumVisualStudioVersion = 10.0.40219.1
Project("{8BC9CEB8-8B4A-11D0-8D11-00A0C91BC942}") = "Weekly Program8.2", "Weekly Program8.2\Weekly Program8.2.vcxproj", "{38F51B62-0B06-47EB-A04F-BE1C8EFB3A4F}"
EndProject
Global
	GlobalSection(SolutionConfigurationPlatforms) = preSolution
		Debug|x64 = Debug|x64
		Debug|x86 = Debug|x86
		Release|x64 = Release|x64
		Release|x86 = Release|x86
	EndGlobalSection
	GlobalSection(ProjectConfigurationPlatforms) = postSolution
		{38F51B62-0B06-47EB-A04F-BE1C8EFB3A4F}.Debug|x64.ActiveCfg = Debug|x64
		{38F51B62-0B06-47EB-A04F-BE1C8EFB3A4F}.Debug|x64.Build.0 = Debug|x64
		{38F51B62-0B06-47EB-A04F-BE1C8EFB3A4F}.Debug|x86.ActiveCfg = Debug|Win32
		{38F51B62-0B06-47EB-A04F-BE1C8EFB3A4F}.Debug|x86.Build.0 = Debug|Win32
		{38F51B62-0B06-47EB-A04F-BE1C8EFB3A4F}.Release|x64.ActiveCfg = Release|x64
		{38F51B62-0B06-47EB-A04F-BE1C8EFB3A4F}.Release|x64.Build.0 = Release|x64
		{38F51B62-0B06-47EB-A04F-BE1C8EFB3A4F}.Release|x86.ActiveCfg = Release|Win32
		{38F51B62-0B06-47EB-A04F-BE1C8EFB3A4F}.Release|x86.Build.0 = Release|Win32
	EndGlobalSection
	GlobalSection(SolutionProperties) = preSolution
		HideSolutionNode = FALSE
	EndGlobalSection
	GlobalSection(ExtensibilityGlobals) = postSolution
		SolutionGuid = {5791690D-EECE-43A1-9BE8-C3887B81A16D}
	EndGlobalSection
EndGlobal
